
Microsoft Visual Studio Solution File, Format Version 12.00
# Visual Studio 14
VisualStudioVersion = 14.0.23107.0
MinimumVisualStudioVersion = 10.0.40219.1
Project("{FAE04EC0-301F-11D3-BF4B-00C04F79EFBC}") = "Databinding1", "Databinding1\Databinding1.csproj", "{7CEBF332-9F0D-4908-B184-B3AFA09E0589}"
EndProject
Project("{FAE04EC0-301F-11D3-BF4B-00C04F79EFBC}") = "Databinding2", "Databinding2\Databinding2.csproj", "{3F1223CE-E4FE-4839-A65B-F65BBDD53448}"
EndProject
Project("{FAE04EC0-301F-11D3-BF4B-00C04F79EFBC}") = "WarSimulation", "WarSimulation\WarSimulation.csproj", "{60515183-A2CD-49E3-86BA-52E9A223929B}"
EndProject
Global
	GlobalSection(SolutionConfigurationPlatforms) = preSolution
		Debug|Any CPU = Debug|Any CPU
		Release|Any CPU = Release|Any CPU
	EndGlobalSection
	GlobalSection(ProjectConfigurationPlatforms) = postSolution
		{7CEBF332-9F0D-4908-B184-B3AFA09E0589}.Debug|Any CPU.ActiveCfg = Debug|Any CPU
		{7CEBF332-9F0D-4908-B184-B3AFA09E0589}.Debug|Any CPU.Build.0 = Debug|Any CPU
		{7CEBF332-9F0D-4908-B184-B3AFA09E0589}.Release|Any CPU.ActiveCfg = Release|Any CPU
		{7CEBF332-9F0D-4908-B184-B3AFA09E0589}.Release|Any CPU.Build.0 = Release|Any CPU
		{3F1223CE-E4FE-4839-A65B-F65BBDD53448}.Debug|Any CPU.ActiveCfg = Debug|Any CPU
		{3F1223CE-E4FE-4839-A65B-F65BBDD53448}.Debug|Any CPU.Build.0 = Debug|Any CPU
		{3F1223CE-E4FE-4839-A65B-F65BBDD53448}.Release|Any CPU.ActiveCfg = Release|Any CPU
		{3F1223CE-E4FE-4839-A65B-F65BBDD53448}.Release|Any CPU.Build.0 = Release|Any CPU
		{60515183-A2CD-49E3-86BA-52E9A223929B}.Debug|Any CPU.ActiveCfg = Debug|Any CPU
		{60515183-A2CD-49E3-86BA-52E9A223929B}.Debug|Any CPU.Build.0 = Debug|Any CPU
		{60515183-A2CD-49E3-86BA-52E9A223929B}.Release|Any CPU.ActiveCfg = Release|Any CPU
		{60515183-A2CD-49E3-86BA-52E9A223929B}.Release|Any CPU.Build.0 = Release|Any CPU
	EndGlobalSection
	GlobalSection(SolutionProperties) = preSolution
		HideSolutionNode = FALSE
	EndGlobalSection
EndGlobal
