
Microsoft Visual Studio Solution File, Format Version 12.00
# Visual Studio 14
VisualStudioVersion = 14.0.23107.0
MinimumVisualStudioVersion = 10.0.40219.1
Project("{FAE04EC0-301F-11D3-BF4B-00C04F79EFBC}") = "EX01", "EX01\EX01.csproj", "{2FDA01C7-047A-4ED6-AD0C-64C672ACE0E0}"
EndProject
Project("{FAE04EC0-301F-11D3-BF4B-00C04F79EFBC}") = "EX2", "EX2\EX2.csproj", "{2C6EABD5-AAF0-423A-87B1-32EE14D8F699}"
EndProject
Project("{FAE04EC0-301F-11D3-BF4B-00C04F79EFBC}") = "EX3", "EX3\EX3.csproj", "{B571D69C-FA6A-4D36-BA67-2BB74A71FF7B}"
EndProject
Project("{FAE04EC0-301F-11D3-BF4B-00C04F79EFBC}") = "EX4", "EX4\EX4.csproj", "{75E842AC-D073-40B8-975B-D98366400970}"
EndProject
Project("{FAE04EC0-301F-11D3-BF4B-00C04F79EFBC}") = "EX5", "EX5\EX5.csproj", "{88291E0D-944D-4841-9EF0-CED6A933DD2A}"
EndProject
Project("{FAE04EC0-301F-11D3-BF4B-00C04F79EFBC}") = "EX6", "EX6\EX6.csproj", "{50C7E07B-F3ED-4FC2-8300-B5FC1E68497D}"
EndProject
Project("{FAE04EC0-301F-11D3-BF4B-00C04F79EFBC}") = "EX7", "EX7\EX7.csproj", "{542E9834-3045-445F-B33E-8938B0B68F4A}"
EndProject
Global
	GlobalSection(SolutionConfigurationPlatforms) = preSolution
		Debug|Any CPU = Debug|Any CPU
		Release|Any CPU = Release|Any CPU
	EndGlobalSection
	GlobalSection(ProjectConfigurationPlatforms) = postSolution
		{2FDA01C7-047A-4ED6-AD0C-64C672ACE0E0}.Debug|Any CPU.ActiveCfg = Debug|Any CPU
		{2FDA01C7-047A-4ED6-AD0C-64C672ACE0E0}.Debug|Any CPU.Build.0 = Debug|Any CPU
		{2FDA01C7-047A-4ED6-AD0C-64C672ACE0E0}.Release|Any CPU.ActiveCfg = Release|Any CPU
		{2FDA01C7-047A-4ED6-AD0C-64C672ACE0E0}.Release|Any CPU.Build.0 = Release|Any CPU
		{2C6EABD5-AAF0-423A-87B1-32EE14D8F699}.Debug|Any CPU.ActiveCfg = Debug|Any CPU
		{2C6EABD5-AAF0-423A-87B1-32EE14D8F699}.Debug|Any CPU.Build.0 = Debug|Any CPU
		{2C6EABD5-AAF0-423A-87B1-32EE14D8F699}.Release|Any CPU.ActiveCfg = Release|Any CPU
		{2C6EABD5-AAF0-423A-87B1-32EE14D8F699}.Release|Any CPU.Build.0 = Release|Any CPU
		{B571D69C-FA6A-4D36-BA67-2BB74A71FF7B}.Debug|Any CPU.ActiveCfg = Debug|Any CPU
		{B571D69C-FA6A-4D36-BA67-2BB74A71FF7B}.Debug|Any CPU.Build.0 = Debug|Any CPU
		{B571D69C-FA6A-4D36-BA67-2BB74A71FF7B}.Release|Any CPU.ActiveCfg = Release|Any CPU
		{B571D69C-FA6A-4D36-BA67-2BB74A71FF7B}.Release|Any CPU.Build.0 = Release|Any CPU
		{75E842AC-D073-40B8-975B-D98366400970}.Debug|Any CPU.ActiveCfg = Debug|Any CPU
		{75E842AC-D073-40B8-975B-D98366400970}.Debug|Any CPU.Build.0 = Debug|Any CPU
		{75E842AC-D073-40B8-975B-D98366400970}.Release|Any CPU.ActiveCfg = Release|Any CPU
		{75E842AC-D073-40B8-975B-D98366400970}.Release|Any CPU.Build.0 = Release|Any CPU
		{88291E0D-944D-4841-9EF0-CED6A933DD2A}.Debug|Any CPU.ActiveCfg = Debug|Any CPU
		{88291E0D-944D-4841-9EF0-CED6A933DD2A}.Debug|Any CPU.Build.0 = Debug|Any CPU
		{88291E0D-944D-4841-9EF0-CED6A933DD2A}.Release|Any CPU.ActiveCfg = Release|Any CPU
		{88291E0D-944D-4841-9EF0-CED6A933DD2A}.Release|Any CPU.Build.0 = Release|Any CPU
		{50C7E07B-F3ED-4FC2-8300-B5FC1E68497D}.Debug|Any CPU.ActiveCfg = Debug|Any CPU
		{50C7E07B-F3ED-4FC2-8300-B5FC1E68497D}.Debug|Any CPU.Build.0 = Debug|Any CPU
		{50C7E07B-F3ED-4FC2-8300-B5FC1E68497D}.Release|Any CPU.ActiveCfg = Release|Any CPU
		{50C7E07B-F3ED-4FC2-8300-B5FC1E68497D}.Release|Any CPU.Build.0 = Release|Any CPU
		{542E9834-3045-445F-B33E-8938B0B68F4A}.Debug|Any CPU.ActiveCfg = Debug|Any CPU
		{542E9834-3045-445F-B33E-8938B0B68F4A}.Debug|Any CPU.Build.0 = Debug|Any CPU
		{542E9834-3045-445F-B33E-8938B0B68F4A}.Release|Any CPU.ActiveCfg = Release|Any CPU
		{542E9834-3045-445F-B33E-8938B0B68F4A}.Release|Any CPU.Build.0 = Release|Any CPU
	EndGlobalSection
	GlobalSection(SolutionProperties) = preSolution
		HideSolutionNode = FALSE
	EndGlobalSection
EndGlobal
